
Microsoft Visual Studio Solution File, Format Version 12.00
# Visual Studio Version 16
VisualStudioVersion = 16.0.29324.140
MinimumVisualStudioVersion = 10.0.40219.1
Project("{FAE04EC0-301F-11D3-BF4B-00C04F79EFBC}") = "picShoot", "picShoot\picShoot.csproj", "{2F9BEF74-FF7F-40F3-B598-63ED1C3B5F48}"
EndProject
Project("{2150E333-8FDC-42A3-9474-1A3956D46DE8}") = "Solution Items", "Solution Items", "{461E800D-98DC-4988-B8D7-8E5764E97C53}"
	ProjectSection(SolutionItems) = preProject
		.editorconfig = .editorconfig
	EndProjectSection
EndProject
Global
	GlobalSection(SolutionConfigurationPlatforms) = preSolution
		Debug|Any CPU = Debug|Any CPU
		Release|Any CPU = Release|Any CPU
	EndGlobalSection
	GlobalSection(ProjectConfigurationPlatforms) = postSolution
		{2F9BEF74-FF7F-40F3-B598-63ED1C3B5F48}.Debug|Any CPU.ActiveCfg = Debug|Any CPU
		{2F9BEF74-FF7F-40F3-B598-63ED1C3B5F48}.Debug|Any CPU.Build.0 = Debug|Any CPU
		{2F9BEF74-FF7F-40F3-B598-63ED1C3B5F48}.Release|Any CPU.ActiveCfg = Release|Any CPU
		{2F9BEF74-FF7F-40F3-B598-63ED1C3B5F48}.Release|Any CPU.Build.0 = Release|Any CPU
	EndGlobalSection
	GlobalSection(SolutionProperties) = preSolution
		HideSolutionNode = FALSE
	EndGlobalSection
	GlobalSection(ExtensibilityGlobals) = postSolution
		SolutionGuid = {4C099863-BCEF-4DDE-B3A4-F0BB38185753}
	EndGlobalSection
EndGlobal
